
Microsoft Visual Studio Solution File, Format Version 12.00
Project("{2150E333-8FDC-42A3-9474-1A3956D46DE8}") = "Solution Items", "Solution Items", "{295C75B9-72D7-4AB1-A643-78FF4B4C7B2F}"
	ProjectSection(SolutionItems) = preProject
		compose.yaml = compose.yaml
		Directory.Packages.props = Directory.Packages.props
		Directory.Build.props = Directory.Build.props
		.editorconfig = .editorconfig
		.gitlab-ci.yml = .gitlab-ci.yml
		README.md = README.md
		THIRD-PARTY-NOTICES.md = THIRD-PARTY-NOTICES.md
		LICENSE = LICENSE
	EndProjectSection
EndProject
Project("{FAE04EC0-301F-11D3-BF4B-00C04F79EFBC}") = "AppointMe.Aspire", "src\AppointMe.Aspire\AppointMe.Aspire.csproj", "{5F00CDB4-47B7-4A2E-B196-36DBF14DB6A2}"
EndProject
Project("{2150E333-8FDC-42A3-9474-1A3956D46DE8}") = "CRM", "CRM", "{FAE88344-B425-46A7-8CE6-D468BF7EE111}"
EndProject
Project("{FAE04EC0-301F-11D3-BF4B-00C04F79EFBC}") = "AppointMe.Crm", "src\CRM\AppointMe.Crm\AppointMe.Crm.csproj", "{C8A25927-B06E-4DB0-B242-118E5326E9A7}"
EndProject
Project("{FAE04EC0-301F-11D3-BF4B-00C04F79EFBC}") = "AppointMe.Crm.Contracts", "src\CRM\AppointMe.Crm.Contracts\AppointMe.Crm.Contracts.csproj", "{DF671E54-508E-4CF7-B02D-F4DAE2807CDE}"
EndProject
Project("{FAE04EC0-301F-11D3-BF4B-00C04F79EFBC}") = "AppointMe.Crm.Tests", "src\CRM\AppointMe.Crm.Tests\AppointMe.Crm.Tests.csproj", "{B18BBCA9-AD54-450B-9ACC-50EAADD36493}"
EndProject
Project("{FAE04EC0-301F-11D3-BF4B-00C04F79EFBC}") = "AppointMe.Shared", "src\AppointMe.Shared\AppointMe.Shared.csproj", "{71B69BA5-DF75-47E7-8AFD-5D86CA776A21}"
EndProject
Project("{FAE04EC0-301F-11D3-BF4B-00C04F79EFBC}") = "AppointMe.Api", "src\AppointMe.Api\AppointMe.Api.csproj", "{99B6C6E1-8F5D-4506-A98D-015792017A9F}"
EndProject
Project("{2150E333-8FDC-42A3-9474-1A3956D46DE8}") = "Organizations", "Organizations", "{E22A1604-46D3-4CCE-AC56-AB33D37D10BE}"
EndProject
Project("{2150E333-8FDC-42A3-9474-1A3956D46DE8}") = "Identity", "Identity", "{AF5DBAB0-6585-40A9-994E-C004CD04DC3A}"
EndProject
Project("{FAE04EC0-301F-11D3-BF4B-00C04F79EFBC}") = "AppointMe.Organizations", "src\Organizations\AppointMe.Organizations\AppointMe.Organizations.csproj", "{2D53FD05-B661-4BF4-98AE-933396B19A47}"
EndProject
Project("{FAE04EC0-301F-11D3-BF4B-00C04F79EFBC}") = "AppointMe.Organizations.Contracts", "src\Organizations\AppointMe.Organizations.Contracts\AppointMe.Organizations.Contracts.csproj", "{690FDBF7-C6AD-4920-8E56-8D6D3DAA7F05}"
EndProject
Project("{FAE04EC0-301F-11D3-BF4B-00C04F79EFBC}") = "AppointMe.Identity", "src\Identity\AppointMe.Identity\AppointMe.Identity.csproj", "{546EC877-8070-494C-935C-B4E086A1E295}"
EndProject
Project("{FAE04EC0-301F-11D3-BF4B-00C04F79EFBC}") = "AppointMe.Shared.Tests", "src\AppointMe.Shared.Tests\AppointMe.Shared.Tests.csproj", "{F27D128F-AC47-4856-A0B4-EB9E39ABD627}"
EndProject
Project("{FAE04EC0-301F-11D3-BF4B-00C04F79EFBC}") = "AppointMe.Identity.Contracts", "src\Identity\AppointMe.Identity.Contracts\AppointMe.Identity.Contracts.csproj", "{D95A904B-980E-4FA5-B13B-7AF459D22C0D}"
EndProject
Project("{FAE04EC0-301F-11D3-BF4B-00C04F79EFBC}") = "AppointMe.Organizations.Tests", "src\Organizations\AppointMe.Organizations.Tests\AppointMe.Organizations.Tests.csproj", "{09C687BC-6C5D-438B-9995-26DCE8C685D3}"
EndProject
Project("{2150E333-8FDC-42A3-9474-1A3956D46DE8}") = "Booking", "Booking", "{B6D2132A-B95B-4363-8B68-EE4A68B2978E}"
EndProject
Project("{FAE04EC0-301F-11D3-BF4B-00C04F79EFBC}") = "AppointMe.Booking", "src\Booking\AppointMe.Booking\AppointMe.Booking.csproj", "{2CFB9786-5E72-4989-966A-EB3A068139BF}"
EndProject
Project("{FAE04EC0-301F-11D3-BF4B-00C04F79EFBC}") = "AppointMe.Booking.Contracts", "src\Booking\AppointMe.Booking.Contracts\AppointMe.Booking.Contracts.csproj", "{59AB1378-B065-44DF-A470-45EAAEF2DA54}"
EndProject
Project("{FAE04EC0-301F-11D3-BF4B-00C04F79EFBC}") = "AppointMe.Booking.Tests", "src\Booking\AppointMe.Booking.Tests\AppointMe.Booking.Tests.csproj", "{6AF8EF7C-7962-46B3-8A5E-A24C9473430D}"
EndProject
Project("{FAE04EC0-301F-11D3-BF4B-00C04F79EFBC}") = "AppointMe.Identity.Tests", "src\Identity\AppointMe.Identity.Tests\AppointMe.Identity.Tests.csproj", "{5762E62F-113C-4D70-AC7C-D96B9FCD1F4E}"
EndProject
Global
	GlobalSection(SolutionConfigurationPlatforms) = preSolution
		Debug|Any CPU = Debug|Any CPU
		Debug|x64 = Debug|x64
		Debug|x86 = Debug|x86
		Release|Any CPU = Release|Any CPU
		Release|x64 = Release|x64
		Release|x86 = Release|x86
	EndGlobalSection
	GlobalSection(ProjectConfigurationPlatforms) = postSolution
		{5F00CDB4-47B7-4A2E-B196-36DBF14DB6A2}.Debug|Any CPU.ActiveCfg = Debug|Any CPU
		{5F00CDB4-47B7-4A2E-B196-36DBF14DB6A2}.Debug|Any CPU.Build.0 = Debug|Any CPU
		{5F00CDB4-47B7-4A2E-B196-36DBF14DB6A2}.Debug|x64.ActiveCfg = Debug|Any CPU
		{5F00CDB4-47B7-4A2E-B196-36DBF14DB6A2}.Debug|x64.Build.0 = Debug|Any CPU
		{5F00CDB4-47B7-4A2E-B196-36DBF14DB6A2}.Debug|x86.ActiveCfg = Debug|Any CPU
		{5F00CDB4-47B7-4A2E-B196-36DBF14DB6A2}.Debug|x86.Build.0 = Debug|Any CPU
		{5F00CDB4-47B7-4A2E-B196-36DBF14DB6A2}.Release|Any CPU.ActiveCfg = Release|Any CPU
		{5F00CDB4-47B7-4A2E-B196-36DBF14DB6A2}.Release|Any CPU.Build.0 = Release|Any CPU
		{5F00CDB4-47B7-4A2E-B196-36DBF14DB6A2}.Release|x64.ActiveCfg = Release|Any CPU
		{5F00CDB4-47B7-4A2E-B196-36DBF14DB6A2}.Release|x64.Build.0 = Release|Any CPU
		{5F00CDB4-47B7-4A2E-B196-36DBF14DB6A2}.Release|x86.ActiveCfg = Release|Any CPU
		{5F00CDB4-47B7-4A2E-B196-36DBF14DB6A2}.Release|x86.Build.0 = Release|Any CPU
		{C8A25927-B06E-4DB0-B242-118E5326E9A7}.Debug|Any CPU.ActiveCfg = Debug|Any CPU
		{C8A25927-B06E-4DB0-B242-118E5326E9A7}.Debug|Any CPU.Build.0 = Debug|Any CPU
		{C8A25927-B06E-4DB0-B242-118E5326E9A7}.Debug|x64.ActiveCfg = Debug|Any CPU
		{C8A25927-B06E-4DB0-B242-118E5326E9A7}.Debug|x64.Build.0 = Debug|Any CPU
		{C8A25927-B06E-4DB0-B242-118E5326E9A7}.Debug|x86.ActiveCfg = Debug|Any CPU
		{C8A25927-B06E-4DB0-B242-118E5326E9A7}.Debug|x86.Build.0 = Debug|Any CPU
		{C8A25927-B06E-4DB0-B242-118E5326E9A7}.Release|Any CPU.ActiveCfg = Release|Any CPU
		{C8A25927-B06E-4DB0-B242-118E5326E9A7}.Release|Any CPU.Build.0 = Release|Any CPU
		{C8A25927-B06E-4DB0-B242-118E5326E9A7}.Release|x64.ActiveCfg = Release|Any CPU
		{C8A25927-B06E-4DB0-B242-118E5326E9A7}.Release|x64.Build.0 = Release|Any CPU
		{C8A25927-B06E-4DB0-B242-118E5326E9A7}.Release|x86.ActiveCfg = Release|Any CPU
		{C8A25927-B06E-4DB0-B242-118E5326E9A7}.Release|x86.Build.0 = Release|Any CPU
		{DF671E54-508E-4CF7-B02D-F4DAE2807CDE}.Debug|Any CPU.ActiveCfg = Debug|Any CPU
		{DF671E54-508E-4CF7-B02D-F4DAE2807CDE}.Debug|Any CPU.Build.0 = Debug|Any CPU
		{DF671E54-508E-4CF7-B02D-F4DAE2807CDE}.Debug|x64.ActiveCfg = Debug|Any CPU
		{DF671E54-508E-4CF7-B02D-F4DAE2807CDE}.Debug|x64.Build.0 = Debug|Any CPU
		{DF671E54-508E-4CF7-B02D-F4DAE2807CDE}.Debug|x86.ActiveCfg = Debug|Any CPU
		{DF671E54-508E-4CF7-B02D-F4DAE2807CDE}.Debug|x86.Build.0 = Debug|Any CPU
		{DF671E54-508E-4CF7-B02D-F4DAE2807CDE}.Release|Any CPU.ActiveCfg = Release|Any CPU
		{DF671E54-508E-4CF7-B02D-F4DAE2807CDE}.Release|Any CPU.Build.0 = Release|Any CPU
		{DF671E54-508E-4CF7-B02D-F4DAE2807CDE}.Release|x64.ActiveCfg = Release|Any CPU
		{DF671E54-508E-4CF7-B02D-F4DAE2807CDE}.Release|x64.Build.0 = Release|Any CPU
		{DF671E54-508E-4CF7-B02D-F4DAE2807CDE}.Release|x86.ActiveCfg = Release|Any CPU
		{DF671E54-508E-4CF7-B02D-F4DAE2807CDE}.Release|x86.Build.0 = Release|Any CPU
		{B18BBCA9-AD54-450B-9ACC-50EAADD36493}.Debug|Any CPU.ActiveCfg = Debug|Any CPU
		{B18BBCA9-AD54-450B-9ACC-50EAADD36493}.Debug|Any CPU.Build.0 = Debug|Any CPU
		{B18BBCA9-AD54-450B-9ACC-50EAADD36493}.Debug|x64.ActiveCfg = Debug|Any CPU
		{B18BBCA9-AD54-450B-9ACC-50EAADD36493}.Debug|x64.Build.0 = Debug|Any CPU
		{B18BBCA9-AD54-450B-9ACC-50EAADD36493}.Debug|x86.ActiveCfg = Debug|Any CPU
		{B18BBCA9-AD54-450B-9ACC-50EAADD36493}.Debug|x86.Build.0 = Debug|Any CPU
		{B18BBCA9-AD54-450B-9ACC-50EAADD36493}.Release|Any CPU.ActiveCfg = Release|Any CPU
		{B18BBCA9-AD54-450B-9ACC-50EAADD36493}.Release|Any CPU.Build.0 = Release|Any CPU
		{B18BBCA9-AD54-450B-9ACC-50EAADD36493}.Release|x64.ActiveCfg = Release|Any CPU
		{B18BBCA9-AD54-450B-9ACC-50EAADD36493}.Release|x64.Build.0 = Release|Any CPU
		{B18BBCA9-AD54-450B-9ACC-50EAADD36493}.Release|x86.ActiveCfg = Release|Any CPU
		{B18BBCA9-AD54-450B-9ACC-50EAADD36493}.Release|x86.Build.0 = Release|Any CPU
		{71B69BA5-DF75-47E7-8AFD-5D86CA776A21}.Debug|Any CPU.ActiveCfg = Debug|Any CPU
		{71B69BA5-DF75-47E7-8AFD-5D86CA776A21}.Debug|Any CPU.Build.0 = Debug|Any CPU
		{71B69BA5-DF75-47E7-8AFD-5D86CA776A21}.Debug|x64.ActiveCfg = Debug|Any CPU
		{71B69BA5-DF75-47E7-8AFD-5D86CA776A21}.Debug|x64.Build.0 = Debug|Any CPU
		{71B69BA5-DF75-47E7-8AFD-5D86CA776A21}.Debug|x86.ActiveCfg = Debug|Any CPU
		{71B69BA5-DF75-47E7-8AFD-5D86CA776A21}.Debug|x86.Build.0 = Debug|Any CPU
		{71B69BA5-DF75-47E7-8AFD-5D86CA776A21}.Release|Any CPU.ActiveCfg = Release|Any CPU
		{71B69BA5-DF75-47E7-8AFD-5D86CA776A21}.Release|Any CPU.Build.0 = Release|Any CPU
		{71B69BA5-DF75-47E7-8AFD-5D86CA776A21}.Release|x64.ActiveCfg = Release|Any CPU
		{71B69BA5-DF75-47E7-8AFD-5D86CA776A21}.Release|x64.Build.0 = Release|Any CPU
		{71B69BA5-DF75-47E7-8AFD-5D86CA776A21}.Release|x86.ActiveCfg = Release|Any CPU
		{71B69BA5-DF75-47E7-8AFD-5D86CA776A21}.Release|x86.Build.0 = Release|Any CPU
		{99B6C6E1-8F5D-4506-A98D-015792017A9F}.Debug|Any CPU.ActiveCfg = Debug|Any CPU
		{99B6C6E1-8F5D-4506-A98D-015792017A9F}.Debug|Any CPU.Build.0 = Debug|Any CPU
		{99B6C6E1-8F5D-4506-A98D-015792017A9F}.Debug|x64.ActiveCfg = Debug|Any CPU
		{99B6C6E1-8F5D-4506-A98D-015792017A9F}.Debug|x64.Build.0 = Debug|Any CPU
		{99B6C6E1-8F5D-4506-A98D-015792017A9F}.Debug|x86.ActiveCfg = Debug|Any CPU
		{99B6C6E1-8F5D-4506-A98D-015792017A9F}.Debug|x86.Build.0 = Debug|Any CPU
		{99B6C6E1-8F5D-4506-A98D-015792017A9F}.Release|Any CPU.ActiveCfg = Release|Any CPU
		{99B6C6E1-8F5D-4506-A98D-015792017A9F}.Release|Any CPU.Build.0 = Release|Any CPU
		{99B6C6E1-8F5D-4506-A98D-015792017A9F}.Release|x64.ActiveCfg = Release|Any CPU
		{99B6C6E1-8F5D-4506-A98D-015792017A9F}.Release|x64.Build.0 = Release|Any CPU
		{99B6C6E1-8F5D-4506-A98D-015792017A9F}.Release|x86.ActiveCfg = Release|Any CPU
		{99B6C6E1-8F5D-4506-A98D-015792017A9F}.Release|x86.Build.0 = Release|Any CPU
		{2D53FD05-B661-4BF4-98AE-933396B19A47}.Debug|Any CPU.ActiveCfg = Debug|Any CPU
		{2D53FD05-B661-4BF4-98AE-933396B19A47}.Debug|Any CPU.Build.0 = Debug|Any CPU
		{2D53FD05-B661-4BF4-98AE-933396B19A47}.Debug|x64.ActiveCfg = Debug|Any CPU
		{2D53FD05-B661-4BF4-98AE-933396B19A47}.Debug|x64.Build.0 = Debug|Any CPU
		{2D53FD05-B661-4BF4-98AE-933396B19A47}.Debug|x86.ActiveCfg = Debug|Any CPU
		{2D53FD05-B661-4BF4-98AE-933396B19A47}.Debug|x86.Build.0 = Debug|Any CPU
		{2D53FD05-B661-4BF4-98AE-933396B19A47}.Release|Any CPU.ActiveCfg = Release|Any CPU
		{2D53FD05-B661-4BF4-98AE-933396B19A47}.Release|Any CPU.Build.0 = Release|Any CPU
		{2D53FD05-B661-4BF4-98AE-933396B19A47}.Release|x64.ActiveCfg = Release|Any CPU
		{2D53FD05-B661-4BF4-98AE-933396B19A47}.Release|x64.Build.0 = Release|Any CPU
		{2D53FD05-B661-4BF4-98AE-933396B19A47}.Release|x86.ActiveCfg = Release|Any CPU
		{2D53FD05-B661-4BF4-98AE-933396B19A47}.Release|x86.Build.0 = Release|Any CPU
		{690FDBF7-C6AD-4920-8E56-8D6D3DAA7F05}.Debug|Any CPU.ActiveCfg = Debug|Any CPU
		{690FDBF7-C6AD-4920-8E56-8D6D3DAA7F05}.Debug|Any CPU.Build.0 = Debug|Any CPU
		{690FDBF7-C6AD-4920-8E56-8D6D3DAA7F05}.Debug|x64.ActiveCfg = Debug|Any CPU
		{690FDBF7-C6AD-4920-8E56-8D6D3DAA7F05}.Debug|x64.Build.0 = Debug|Any CPU
		{690FDBF7-C6AD-4920-8E56-8D6D3DAA7F05}.Debug|x86.ActiveCfg = Debug|Any CPU
		{690FDBF7-C6AD-4920-8E56-8D6D3DAA7F05}.Debug|x86.Build.0 = Debug|Any CPU
		{690FDBF7-C6AD-4920-8E56-8D6D3DAA7F05}.Release|Any CPU.ActiveCfg = Release|Any CPU
		{690FDBF7-C6AD-4920-8E56-8D6D3DAA7F05}.Release|Any CPU.Build.0 = Release|Any CPU
		{690FDBF7-C6AD-4920-8E56-8D6D3DAA7F05}.Release|x64.ActiveCfg = Release|Any CPU
		{690FDBF7-C6AD-4920-8E56-8D6D3DAA7F05}.Release|x64.Build.0 = Release|Any CPU
		{690FDBF7-C6AD-4920-8E56-8D6D3DAA7F05}.Release|x86.ActiveCfg = Release|Any CPU
		{690FDBF7-C6AD-4920-8E56-8D6D3DAA7F05}.Release|x86.Build.0 = Release|Any CPU
		{546EC877-8070-494C-935C-B4E086A1E295}.Debug|Any CPU.ActiveCfg = Debug|Any CPU
		{546EC877-8070-494C-935C-B4E086A1E295}.Debug|Any CPU.Build.0 = Debug|Any CPU
		{546EC877-8070-494C-935C-B4E086A1E295}.Debug|x64.ActiveCfg = Debug|Any CPU
		{546EC877-8070-494C-935C-B4E086A1E295}.Debug|x64.Build.0 = Debug|Any CPU
		{546EC877-8070-494C-935C-B4E086A1E295}.Debug|x86.ActiveCfg = Debug|Any CPU
		{546EC877-8070-494C-935C-B4E086A1E295}.Debug|x86.Build.0 = Debug|Any CPU
		{546EC877-8070-494C-935C-B4E086A1E295}.Release|Any CPU.ActiveCfg = Release|Any CPU
		{546EC877-8070-494C-935C-B4E086A1E295}.Release|Any CPU.Build.0 = Release|Any CPU
		{546EC877-8070-494C-935C-B4E086A1E295}.Release|x64.ActiveCfg = Release|Any CPU
		{546EC877-8070-494C-935C-B4E086A1E295}.Release|x64.Build.0 = Release|Any CPU
		{546EC877-8070-494C-935C-B4E086A1E295}.Release|x86.ActiveCfg = Release|Any CPU
		{546EC877-8070-494C-935C-B4E086A1E295}.Release|x86.Build.0 = Release|Any CPU
		{F27D128F-AC47-4856-A0B4-EB9E39ABD627}.Debug|Any CPU.ActiveCfg = Debug|Any CPU
		{F27D128F-AC47-4856-A0B4-EB9E39ABD627}.Debug|Any CPU.Build.0 = Debug|Any CPU
		{F27D128F-AC47-4856-A0B4-EB9E39ABD627}.Debug|x64.ActiveCfg = Debug|Any CPU
		{F27D128F-AC47-4856-A0B4-EB9E39ABD627}.Debug|x64.Build.0 = Debug|Any CPU
		{F27D128F-AC47-4856-A0B4-EB9E39ABD627}.Debug|x86.ActiveCfg = Debug|Any CPU
		{F27D128F-AC47-4856-A0B4-EB9E39ABD627}.Debug|x86.Build.0 = Debug|Any CPU
		{F27D128F-AC47-4856-A0B4-EB9E39ABD627}.Release|Any CPU.ActiveCfg = Release|Any CPU
		{F27D128F-AC47-4856-A0B4-EB9E39ABD627}.Release|Any CPU.Build.0 = Release|Any CPU
		{F27D128F-AC47-4856-A0B4-EB9E39ABD627}.Release|x64.ActiveCfg = Release|Any CPU
		{F27D128F-AC47-4856-A0B4-EB9E39ABD627}.Release|x64.Build.0 = Release|Any CPU
		{F27D128F-AC47-4856-A0B4-EB9E39ABD627}.Release|x86.ActiveCfg = Release|Any CPU
		{F27D128F-AC47-4856-A0B4-EB9E39ABD627}.Release|x86.Build.0 = Release|Any CPU
		{D95A904B-980E-4FA5-B13B-7AF459D22C0D}.Debug|Any CPU.ActiveCfg = Debug|Any CPU
		{D95A904B-980E-4FA5-B13B-7AF459D22C0D}.Debug|Any CPU.Build.0 = Debug|Any CPU
		{D95A904B-980E-4FA5-B13B-7AF459D22C0D}.Debug|x64.ActiveCfg = Debug|Any CPU
		{D95A904B-980E-4FA5-B13B-7AF459D22C0D}.Debug|x64.Build.0 = Debug|Any CPU
		{D95A904B-980E-4FA5-B13B-7AF459D22C0D}.Debug|x86.ActiveCfg = Debug|Any CPU
		{D95A904B-980E-4FA5-B13B-7AF459D22C0D}.Debug|x86.Build.0 = Debug|Any CPU
		{D95A904B-980E-4FA5-B13B-7AF459D22C0D}.Release|Any CPU.ActiveCfg = Release|Any CPU
		{D95A904B-980E-4FA5-B13B-7AF459D22C0D}.Release|Any CPU.Build.0 = Release|Any CPU
		{D95A904B-980E-4FA5-B13B-7AF459D22C0D}.Release|x64.ActiveCfg = Release|Any CPU
		{D95A904B-980E-4FA5-B13B-7AF459D22C0D}.Release|x64.Build.0 = Release|Any CPU
		{D95A904B-980E-4FA5-B13B-7AF459D22C0D}.Release|x86.ActiveCfg = Release|Any CPU
		{D95A904B-980E-4FA5-B13B-7AF459D22C0D}.Release|x86.Build.0 = Release|Any CPU
		{09C687BC-6C5D-438B-9995-26DCE8C685D3}.Debug|Any CPU.ActiveCfg = Debug|Any CPU
		{09C687BC-6C5D-438B-9995-26DCE8C685D3}.Debug|Any CPU.Build.0 = Debug|Any CPU
		{09C687BC-6C5D-438B-9995-26DCE8C685D3}.Debug|x64.ActiveCfg = Debug|Any CPU
		{09C687BC-6C5D-438B-9995-26DCE8C685D3}.Debug|x64.Build.0 = Debug|Any CPU
		{09C687BC-6C5D-438B-9995-26DCE8C685D3}.Debug|x86.ActiveCfg = Debug|Any CPU
		{09C687BC-6C5D-438B-9995-26DCE8C685D3}.Debug|x86.Build.0 = Debug|Any CPU
		{09C687BC-6C5D-438B-9995-26DCE8C685D3}.Release|Any CPU.ActiveCfg = Release|Any CPU
		{09C687BC-6C5D-438B-9995-26DCE8C685D3}.Release|Any CPU.Build.0 = Release|Any CPU
		{09C687BC-6C5D-438B-9995-26DCE8C685D3}.Release|x64.ActiveCfg = Release|Any CPU
		{09C687BC-6C5D-438B-9995-26DCE8C685D3}.Release|x64.Build.0 = Release|Any CPU
		{09C687BC-6C5D-438B-9995-26DCE8C685D3}.Release|x86.ActiveCfg = Release|Any CPU
		{09C687BC-6C5D-438B-9995-26DCE8C685D3}.Release|x86.Build.0 = Release|Any CPU
		{2CFB9786-5E72-4989-966A-EB3A068139BF}.Debug|Any CPU.ActiveCfg = Debug|Any CPU
		{2CFB9786-5E72-4989-966A-EB3A068139BF}.Debug|Any CPU.Build.0 = Debug|Any CPU
		{2CFB9786-5E72-4989-966A-EB3A068139BF}.Debug|x64.ActiveCfg = Debug|Any CPU
		{2CFB9786-5E72-4989-966A-EB3A068139BF}.Debug|x64.Build.0 = Debug|Any CPU
		{2CFB9786-5E72-4989-966A-EB3A068139BF}.Debug|x86.ActiveCfg = Debug|Any CPU
		{2CFB9786-5E72-4989-966A-EB3A068139BF}.Debug|x86.Build.0 = Debug|Any CPU
		{2CFB9786-5E72-4989-966A-EB3A068139BF}.Release|Any CPU.ActiveCfg = Release|Any CPU
		{2CFB9786-5E72-4989-966A-EB3A068139BF}.Release|Any CPU.Build.0 = Release|Any CPU
		{2CFB9786-5E72-4989-966A-EB3A068139BF}.Release|x64.ActiveCfg = Release|Any CPU
		{2CFB9786-5E72-4989-966A-EB3A068139BF}.Release|x64.Build.0 = Release|Any CPU
		{2CFB9786-5E72-4989-966A-EB3A068139BF}.Release|x86.ActiveCfg = Release|Any CPU
		{2CFB9786-5E72-4989-966A-EB3A068139BF}.Release|x86.Build.0 = Release|Any CPU
		{59AB1378-B065-44DF-A470-45EAAEF2DA54}.Debug|Any CPU.ActiveCfg = Debug|Any CPU
		{59AB1378-B065-44DF-A470-45EAAEF2DA54}.Debug|Any CPU.Build.0 = Debug|Any CPU
		{59AB1378-B065-44DF-A470-45EAAEF2DA54}.Debug|x64.ActiveCfg = Debug|Any CPU
		{59AB1378-B065-44DF-A470-45EAAEF2DA54}.Debug|x64.Build.0 = Debug|Any CPU
		{59AB1378-B065-44DF-A470-45EAAEF2DA54}.Debug|x86.ActiveCfg = Debug|Any CPU
		{59AB1378-B065-44DF-A470-45EAAEF2DA54}.Debug|x86.Build.0 = Debug|Any CPU
		{59AB1378-B065-44DF-A470-45EAAEF2DA54}.Release|Any CPU.ActiveCfg = Release|Any CPU
		{59AB1378-B065-44DF-A470-45EAAEF2DA54}.Release|Any CPU.Build.0 = Release|Any CPU
		{59AB1378-B065-44DF-A470-45EAAEF2DA54}.Release|x64.ActiveCfg = Release|Any CPU
		{59AB1378-B065-44DF-A470-45EAAEF2DA54}.Release|x64.Build.0 = Release|Any CPU
		{59AB1378-B065-44DF-A470-45EAAEF2DA54}.Release|x86.ActiveCfg = Release|Any CPU
		{59AB1378-B065-44DF-A470-45EAAEF2DA54}.Release|x86.Build.0 = Release|Any CPU
		{6AF8EF7C-7962-46B3-8A5E-A24C9473430D}.Debug|Any CPU.ActiveCfg = Debug|Any CPU
		{6AF8EF7C-7962-46B3-8A5E-A24C9473430D}.Debug|Any CPU.Build.0 = Debug|Any CPU
		{6AF8EF7C-7962-46B3-8A5E-A24C9473430D}.Debug|x64.ActiveCfg = Debug|Any CPU
		{6AF8EF7C-7962-46B3-8A5E-A24C9473430D}.Debug|x64.Build.0 = Debug|Any CPU
		{6AF8EF7C-7962-46B3-8A5E-A24C9473430D}.Debug|x86.ActiveCfg = Debug|Any CPU
		{6AF8EF7C-7962-46B3-8A5E-A24C9473430D}.Debug|x86.Build.0 = Debug|Any CPU
		{6AF8EF7C-7962-46B3-8A5E-A24C9473430D}.Release|Any CPU.ActiveCfg = Release|Any CPU
		{6AF8EF7C-7962-46B3-8A5E-A24C9473430D}.Release|Any CPU.Build.0 = Release|Any CPU
		{6AF8EF7C-7962-46B3-8A5E-A24C9473430D}.Release|x64.ActiveCfg = Release|Any CPU
		{6AF8EF7C-7962-46B3-8A5E-A24C9473430D}.Release|x64.Build.0 = Release|Any CPU
		{6AF8EF7C-7962-46B3-8A5E-A24C9473430D}.Release|x86.ActiveCfg = Release|Any CPU
		{6AF8EF7C-7962-46B3-8A5E-A24C9473430D}.Release|x86.Build.0 = Release|Any CPU
		{5762E62F-113C-4D70-AC7C-D96B9FCD1F4E}.Debug|Any CPU.ActiveCfg = Debug|Any CPU
		{5762E62F-113C-4D70-AC7C-D96B9FCD1F4E}.Debug|Any CPU.Build.0 = Debug|Any CPU
		{5762E62F-113C-4D70-AC7C-D96B9FCD1F4E}.Debug|x64.ActiveCfg = Debug|Any CPU
		{5762E62F-113C-4D70-AC7C-D96B9FCD1F4E}.Debug|x64.Build.0 = Debug|Any CPU
		{5762E62F-113C-4D70-AC7C-D96B9FCD1F4E}.Debug|x86.ActiveCfg = Debug|Any CPU
		{5762E62F-113C-4D70-AC7C-D96B9FCD1F4E}.Debug|x86.Build.0 = Debug|Any CPU
		{5762E62F-113C-4D70-AC7C-D96B9FCD1F4E}.Release|Any CPU.ActiveCfg = Release|Any CPU
		{5762E62F-113C-4D70-AC7C-D96B9FCD1F4E}.Release|Any CPU.Build.0 = Release|Any CPU
		{5762E62F-113C-4D70-AC7C-D96B9FCD1F4E}.Release|x64.ActiveCfg = Release|Any CPU
		{5762E62F-113C-4D70-AC7C-D96B9FCD1F4E}.Release|x64.Build.0 = Release|Any CPU
		{5762E62F-113C-4D70-AC7C-D96B9FCD1F4E}.Release|x86.ActiveCfg = Release|Any CPU
		{5762E62F-113C-4D70-AC7C-D96B9FCD1F4E}.Release|x86.Build.0 = Release|Any CPU
	EndGlobalSection
	GlobalSection(SolutionProperties) = preSolution
		HideSolutionNode = FALSE
	EndGlobalSection
	GlobalSection(NestedProjects) = preSolution
		{C8A25927-B06E-4DB0-B242-118E5326E9A7} = {FAE88344-B425-46A7-8CE6-D468BF7EE111}
		{DF671E54-508E-4CF7-B02D-F4DAE2807CDE} = {FAE88344-B425-46A7-8CE6-D468BF7EE111}
		{B18BBCA9-AD54-450B-9ACC-50EAADD36493} = {FAE88344-B425-46A7-8CE6-D468BF7EE111}
		{2D53FD05-B661-4BF4-98AE-933396B19A47} = {E22A1604-46D3-4CCE-AC56-AB33D37D10BE}
		{690FDBF7-C6AD-4920-8E56-8D6D3DAA7F05} = {E22A1604-46D3-4CCE-AC56-AB33D37D10BE}
		{546EC877-8070-494C-935C-B4E086A1E295} = {AF5DBAB0-6585-40A9-994E-C004CD04DC3A}
		{D95A904B-980E-4FA5-B13B-7AF459D22C0D} = {AF5DBAB0-6585-40A9-994E-C004CD04DC3A}
		{09C687BC-6C5D-438B-9995-26DCE8C685D3} = {E22A1604-46D3-4CCE-AC56-AB33D37D10BE}
		{2CFB9786-5E72-4989-966A-EB3A068139BF} = {B6D2132A-B95B-4363-8B68-EE4A68B2978E}
		{59AB1378-B065-44DF-A470-45EAAEF2DA54} = {B6D2132A-B95B-4363-8B68-EE4A68B2978E}
		{6AF8EF7C-7962-46B3-8A5E-A24C9473430D} = {B6D2132A-B95B-4363-8B68-EE4A68B2978E}
		{5762E62F-113C-4D70-AC7C-D96B9FCD1F4E} = {AF5DBAB0-6585-40A9-994E-C004CD04DC3A}
	EndGlobalSection
EndGlobal
